
Microsoft Visual Studio Solution File, Format Version 12.00
# Visual Studio Version 17
VisualStudioVersion = 17.2.32630.192
MinimumVisualStudioVersion = 10.0.40219.1
Project("{8BC9CEB8-8B4A-11D0-8D11-00A0C91BC942}") = "MakeFileFabamaq", "MakeFileFabamaq.vcxproj", "{56D9BE8B-D9F7-4864-B5AF-3F18115A498D}"
EndProject
Global
	GlobalSection(SolutionConfigurationPlatforms) = preSolution
		Debug|x64 = Debug|x64
		Debug|x86 = Debug|x86
		Release|x64 = Release|x64
		Release|x86 = Release|x86
	EndGlobalSection
	GlobalSection(ProjectConfigurationPlatforms) = postSolution
		{56D9BE8B-D9F7-4864-B5AF-3F18115A498D}.Debug|x64.ActiveCfg = Debug|x64
		{56D9BE8B-D9F7-4864-B5AF-3F18115A498D}.Debug|x64.Build.0 = Debug|x64
		{56D9BE8B-D9F7-4864-B5AF-3F18115A498D}.Debug|x86.ActiveCfg = Debug|Win32
		{56D9BE8B-D9F7-4864-B5AF-3F18115A498D}.Debug|x86.Build.0 = Debug|Win32
		{56D9BE8B-D9F7-4864-B5AF-3F18115A498D}.Release|x64.ActiveCfg = Release|x64
		{56D9BE8B-D9F7-4864-B5AF-3F18115A498D}.Release|x64.Build.0 = Release|x64
		{56D9BE8B-D9F7-4864-B5AF-3F18115A498D}.Release|x86.ActiveCfg = Release|Win32
		{56D9BE8B-D9F7-4864-B5AF-3F18115A498D}.Release|x86.Build.0 = Release|Win32
	EndGlobalSection
	GlobalSection(SolutionProperties) = preSolution
		HideSolutionNode = FALSE
	EndGlobalSection
	GlobalSection(ExtensibilityGlobals) = postSolution
		SolutionGuid = {8DED4214-D8ED-47B2-8F4E-9BF6A5FB45D1}
	EndGlobalSection
EndGlobal
